
Microsoft Visual Studio Solution File, Format Version 12.00
# Visual Studio Version 17
VisualStudioVersion = 17.5.002.0
MinimumVisualStudioVersion = 10.0.40219.1
Project("{9A19103F-16F7-4668-BE54-9A1E7A4F7556}") = "HeloWorld1", "HeloWorld1\HeloWorld1.csproj", "{03973DBF-AD15-4058-A5A2-CC25C9435132}"
EndProject
Global
	GlobalSection(SolutionConfigurationPlatforms) = preSolution
		Debug|Any CPU = Debug|Any CPU
		Release|Any CPU = Release|Any CPU
	EndGlobalSection
	GlobalSection(ProjectConfigurationPlatforms) = postSolution
		{03973DBF-AD15-4058-A5A2-CC25C9435132}.Debug|Any CPU.ActiveCfg = Debug|Any CPU
		{03973DBF-AD15-4058-A5A2-CC25C9435132}.Debug|Any CPU.Build.0 = Debug|Any CPU
		{03973DBF-AD15-4058-A5A2-CC25C9435132}.Release|Any CPU.ActiveCfg = Release|Any CPU
		{03973DBF-AD15-4058-A5A2-CC25C9435132}.Release|Any CPU.Build.0 = Release|Any CPU
	EndGlobalSection
	GlobalSection(SolutionProperties) = preSolution
		HideSolutionNode = FALSE
	EndGlobalSection
	GlobalSection(ExtensibilityGlobals) = postSolution
		SolutionGuid = {F8062E2D-ECEC-498F-8B40-6511AF9AB63C}
	EndGlobalSection
EndGlobal
